
Microsoft Visual Studio Solution File, Format Version 12.00
# Visual Studio 14
VisualStudioVersion = 14.0.23107.0
MinimumVisualStudioVersion = 10.0.40219.1
Project("{FAE04EC0-301F-11D3-BF4B-00C04F79EFBC}") = "lin_compiler", "lin_compiler\lin_compiler.csproj", "{8DB1B650-F091-4EDE-A8A8-8C4DFFEB7742}"
EndProject
Global
	GlobalSection(SolutionConfigurationPlatforms) = preSolution
		Debug|Any CPU = Debug|Any CPU
		Release|Any CPU = Release|Any CPU
	EndGlobalSection
	GlobalSection(ProjectConfigurationPlatforms) = postSolution
		{8DB1B650-F091-4EDE-A8A8-8C4DFFEB7742}.Debug|Any CPU.ActiveCfg = Debug|Any CPU
		{8DB1B650-F091-4EDE-A8A8-8C4DFFEB7742}.Debug|Any CPU.Build.0 = Debug|Any CPU
		{8DB1B650-F091-4EDE-A8A8-8C4DFFEB7742}.Release|Any CPU.ActiveCfg = Release|Any CPU
		{8DB1B650-F091-4EDE-A8A8-8C4DFFEB7742}.Release|Any CPU.Build.0 = Release|Any CPU
	EndGlobalSection
	GlobalSection(SolutionProperties) = preSolution
		HideSolutionNode = FALSE
	EndGlobalSection
EndGlobal
